
Microsoft Visual Studio Solution File, Format Version 12.00
# Visual Studio Version 17
VisualStudioVersion = 17.2.32427.441
MinimumVisualStudioVersion = 10.0.40219.1
Project("{9A19103F-16F7-4668-BE54-9A1E7A4F7556}") = "CabManagementSystem", "CabManagementSystem\CabManagementSystem.csproj", "{3C0CED99-F8B2-430F-AFE6-87865CD98FB8}"
EndProject
Project("{2150E333-8FDC-42A3-9474-1A3956D46DE8}") = "Solution Items", "Solution Items", "{41E054FF-0CDE-4CB8-9129-CF35B2E832D7}"
	ProjectSection(SolutionItems) = preProject
		.editorconfig = .editorconfig
		Dockerfile.txt = Dockerfile.txt
	EndProjectSection
EndProject
Project("{9A19103F-16F7-4668-BE54-9A1E7A4F7556}") = "CMSTest", "CMSTest\CMSTest.csproj", "{5E6454D2-0B75-4465-905A-ED721B5B5453}"
EndProject
Global
	GlobalSection(SolutionConfigurationPlatforms) = preSolution
		Debug|Any CPU = Debug|Any CPU
		Release|Any CPU = Release|Any CPU
	EndGlobalSection
	GlobalSection(ProjectConfigurationPlatforms) = postSolution
		{3C0CED99-F8B2-430F-AFE6-87865CD98FB8}.Debug|Any CPU.ActiveCfg = Debug|Any CPU
		{3C0CED99-F8B2-430F-AFE6-87865CD98FB8}.Debug|Any CPU.Build.0 = Debug|Any CPU
		{3C0CED99-F8B2-430F-AFE6-87865CD98FB8}.Release|Any CPU.ActiveCfg = Release|Any CPU
		{3C0CED99-F8B2-430F-AFE6-87865CD98FB8}.Release|Any CPU.Build.0 = Release|Any CPU
		{5E6454D2-0B75-4465-905A-ED721B5B5453}.Debug|Any CPU.ActiveCfg = Debug|Any CPU
		{5E6454D2-0B75-4465-905A-ED721B5B5453}.Debug|Any CPU.Build.0 = Debug|Any CPU
		{5E6454D2-0B75-4465-905A-ED721B5B5453}.Release|Any CPU.ActiveCfg = Release|Any CPU
		{5E6454D2-0B75-4465-905A-ED721B5B5453}.Release|Any CPU.Build.0 = Release|Any CPU
	EndGlobalSection
	GlobalSection(SolutionProperties) = preSolution
		HideSolutionNode = FALSE
	EndGlobalSection
	GlobalSection(ExtensibilityGlobals) = postSolution
		SolutionGuid = {96CD684E-128D-46FB-A185-90F745DE585E}
	EndGlobalSection
EndGlobal
